
Microsoft Visual Studio Solution File, Format Version 12.00
# Visual Studio 14
VisualStudioVersion = 14.0.25420.1
MinimumVisualStudioVersion = 10.0.40219.1
Project("{FAE04EC0-301F-11D3-BF4B-00C04F79EFBC}") = "CarSeller", "CarSeller\CarSeller.csproj", "{F99BF70E-BDFE-477D-A769-F10904C0A12B}"
EndProject
Project("{2150E333-8FDC-42A3-9474-1A3956D46DE8}") = "Solution Items", "Solution Items", "{C4D3852A-D9CD-48B9-A2A7-7F02E8119F85}"
	ProjectSection(SolutionItems) = preProject
		CommonAssemblyInfo.cs = CommonAssemblyInfo.cs
	EndProjectSection
EndProject
Project("{FAE04EC0-301F-11D3-BF4B-00C04F79EFBC}") = "CarPlant", "CarPlant\CarPlant.csproj", "{A8553D5D-FFE0-45B1-933A-E9B078E204E4}"
EndProject
Project("{FAE04EC0-301F-11D3-BF4B-00C04F79EFBC}") = "Car", "Car\Car.csproj", "{B4C768D6-DD50-47F6-841A-825E109E887F}"
EndProject
Global
	GlobalSection(SolutionConfigurationPlatforms) = preSolution
		Debug|Any CPU = Debug|Any CPU
		Release|Any CPU = Release|Any CPU
	EndGlobalSection
	GlobalSection(ProjectConfigurationPlatforms) = postSolution
		{F99BF70E-BDFE-477D-A769-F10904C0A12B}.Debug|Any CPU.ActiveCfg = Debug|Any CPU
		{F99BF70E-BDFE-477D-A769-F10904C0A12B}.Debug|Any CPU.Build.0 = Debug|Any CPU
		{F99BF70E-BDFE-477D-A769-F10904C0A12B}.Release|Any CPU.ActiveCfg = Release|Any CPU
		{F99BF70E-BDFE-477D-A769-F10904C0A12B}.Release|Any CPU.Build.0 = Release|Any CPU
		{A8553D5D-FFE0-45B1-933A-E9B078E204E4}.Debug|Any CPU.ActiveCfg = Debug|Any CPU
		{A8553D5D-FFE0-45B1-933A-E9B078E204E4}.Debug|Any CPU.Build.0 = Debug|Any CPU
		{A8553D5D-FFE0-45B1-933A-E9B078E204E4}.Release|Any CPU.ActiveCfg = Release|Any CPU
		{A8553D5D-FFE0-45B1-933A-E9B078E204E4}.Release|Any CPU.Build.0 = Release|Any CPU
		{B4C768D6-DD50-47F6-841A-825E109E887F}.Debug|Any CPU.ActiveCfg = Debug|Any CPU
		{B4C768D6-DD50-47F6-841A-825E109E887F}.Debug|Any CPU.Build.0 = Debug|Any CPU
		{B4C768D6-DD50-47F6-841A-825E109E887F}.Release|Any CPU.ActiveCfg = Release|Any CPU
		{B4C768D6-DD50-47F6-841A-825E109E887F}.Release|Any CPU.Build.0 = Release|Any CPU
	EndGlobalSection
	GlobalSection(SolutionProperties) = preSolution
		HideSolutionNode = FALSE
	EndGlobalSection
EndGlobal
